
Microsoft Visual Studio Solution File, Format Version 12.00
# Visual Studio Version 17
VisualStudioVersion = 17.10.35013.160
MinimumVisualStudioVersion = 10.0.40219.1
Project("{2150E333-8FDC-42A3-9474-1A3956D46DE8}") = "BookingService", "BookingService", "{99A74A2E-2C28-444B-83F3-460D81C45E1D}"
EndProject
Project("{2150E333-8FDC-42A3-9474-1A3956D46DE8}") = "PaymentService", "PaymentService", "{55D37D1D-4FFD-4BC6-9EF1-4743A25A94E9}"
EndProject
Project("{2150E333-8FDC-42A3-9474-1A3956D46DE8}") = "Core", "Core", "{78FED1F0-D4E0-4882-A0A6-B65643DDC88B}"
EndProject
Project("{2150E333-8FDC-42A3-9474-1A3956D46DE8}") = "Adapters", "Adapters", "{6AA85C44-C429-49D9-B2A5-8A0E9928E3DD}"
EndProject
Project("{2150E333-8FDC-42A3-9474-1A3956D46DE8}") = "Tests", "Tests", "{4FFA5ADC-F2B0-427F-B99E-A58451DF1237}"
EndProject
Project("{2150E333-8FDC-42A3-9474-1A3956D46DE8}") = "Consumers", "Consumers", "{87FBF1D9-2A5C-4912-A86D-A73809751D2D}"
EndProject
Project("{9A19103F-16F7-4668-BE54-9A1E7A4F7556}") = "Domain", "BookingService\Core\Domain\Domain.csproj", "{94EB0B8B-4EBF-4BB1-AC3B-DE35322C295C}"
EndProject
Project("{9A19103F-16F7-4668-BE54-9A1E7A4F7556}") = "Application", "BookingService\Core\Application\Application.csproj", "{CEF0B4C8-25E0-424F-8652-68CFD2A24E04}"
	ProjectSection(ProjectDependencies) = postProject
		{94EB0B8B-4EBF-4BB1-AC3B-DE35322C295C} = {94EB0B8B-4EBF-4BB1-AC3B-DE35322C295C}
	EndProjectSection
EndProject
Project("{9A19103F-16F7-4668-BE54-9A1E7A4F7556}") = "DomainTests", "BookingService\Tests\DomainTests\DomainTests.csproj", "{CFC2D3A2-A325-4C16-90C4-AEBE301AF570}"
EndProject
Project("{9A19103F-16F7-4668-BE54-9A1E7A4F7556}") = "ApplicationTests", "BookingService\Tests\ApplicationTests\ApplicationTests.csproj", "{612A137D-D844-4FC7-9D9B-C1AAFBA40052}"
EndProject
Project("{9A19103F-16F7-4668-BE54-9A1E7A4F7556}") = "AdaptersTests", "BookingService\Tests\AdaptersTests\AdaptersTests.csproj", "{43279F1F-1A01-444A-8643-F847298B97C8}"
EndProject
Project("{9A19103F-16F7-4668-BE54-9A1E7A4F7556}") = "API", "BookingService\Consumers\API\API.csproj", "{0FEF595D-7115-44A0-B59B-7E4344742240}"
EndProject
Project("{9A19103F-16F7-4668-BE54-9A1E7A4F7556}") = "Data", "BookingService\Adapters\Data\Data.csproj", "{4FA00597-9C69-4903-9751-F6D9978DF9F2}"
EndProject
Global
	GlobalSection(SolutionConfigurationPlatforms) = preSolution
		Debug|Any CPU = Debug|Any CPU
		Release|Any CPU = Release|Any CPU
	EndGlobalSection
	GlobalSection(ProjectConfigurationPlatforms) = postSolution
		{94EB0B8B-4EBF-4BB1-AC3B-DE35322C295C}.Debug|Any CPU.ActiveCfg = Debug|Any CPU
		{94EB0B8B-4EBF-4BB1-AC3B-DE35322C295C}.Debug|Any CPU.Build.0 = Debug|Any CPU
		{94EB0B8B-4EBF-4BB1-AC3B-DE35322C295C}.Release|Any CPU.ActiveCfg = Release|Any CPU
		{94EB0B8B-4EBF-4BB1-AC3B-DE35322C295C}.Release|Any CPU.Build.0 = Release|Any CPU
		{CEF0B4C8-25E0-424F-8652-68CFD2A24E04}.Debug|Any CPU.ActiveCfg = Debug|Any CPU
		{CEF0B4C8-25E0-424F-8652-68CFD2A24E04}.Debug|Any CPU.Build.0 = Debug|Any CPU
		{CEF0B4C8-25E0-424F-8652-68CFD2A24E04}.Release|Any CPU.ActiveCfg = Release|Any CPU
		{CEF0B4C8-25E0-424F-8652-68CFD2A24E04}.Release|Any CPU.Build.0 = Release|Any CPU
		{CFC2D3A2-A325-4C16-90C4-AEBE301AF570}.Debug|Any CPU.ActiveCfg = Debug|Any CPU
		{CFC2D3A2-A325-4C16-90C4-AEBE301AF570}.Debug|Any CPU.Build.0 = Debug|Any CPU
		{CFC2D3A2-A325-4C16-90C4-AEBE301AF570}.Release|Any CPU.ActiveCfg = Release|Any CPU
		{CFC2D3A2-A325-4C16-90C4-AEBE301AF570}.Release|Any CPU.Build.0 = Release|Any CPU
		{612A137D-D844-4FC7-9D9B-C1AAFBA40052}.Debug|Any CPU.ActiveCfg = Debug|Any CPU
		{612A137D-D844-4FC7-9D9B-C1AAFBA40052}.Debug|Any CPU.Build.0 = Debug|Any CPU
		{612A137D-D844-4FC7-9D9B-C1AAFBA40052}.Release|Any CPU.ActiveCfg = Release|Any CPU
		{612A137D-D844-4FC7-9D9B-C1AAFBA40052}.Release|Any CPU.Build.0 = Release|Any CPU
		{43279F1F-1A01-444A-8643-F847298B97C8}.Debug|Any CPU.ActiveCfg = Debug|Any CPU
		{43279F1F-1A01-444A-8643-F847298B97C8}.Debug|Any CPU.Build.0 = Debug|Any CPU
		{43279F1F-1A01-444A-8643-F847298B97C8}.Release|Any CPU.ActiveCfg = Release|Any CPU
		{43279F1F-1A01-444A-8643-F847298B97C8}.Release|Any CPU.Build.0 = Release|Any CPU
		{0FEF595D-7115-44A0-B59B-7E4344742240}.Debug|Any CPU.ActiveCfg = Debug|Any CPU
		{0FEF595D-7115-44A0-B59B-7E4344742240}.Debug|Any CPU.Build.0 = Debug|Any CPU
		{0FEF595D-7115-44A0-B59B-7E4344742240}.Release|Any CPU.ActiveCfg = Release|Any CPU
		{0FEF595D-7115-44A0-B59B-7E4344742240}.Release|Any CPU.Build.0 = Release|Any CPU
		{4FA00597-9C69-4903-9751-F6D9978DF9F2}.Debug|Any CPU.ActiveCfg = Debug|Any CPU
		{4FA00597-9C69-4903-9751-F6D9978DF9F2}.Debug|Any CPU.Build.0 = Debug|Any CPU
		{4FA00597-9C69-4903-9751-F6D9978DF9F2}.Release|Any CPU.ActiveCfg = Release|Any CPU
		{4FA00597-9C69-4903-9751-F6D9978DF9F2}.Release|Any CPU.Build.0 = Release|Any CPU
	EndGlobalSection
	GlobalSection(SolutionProperties) = preSolution
		HideSolutionNode = FALSE
	EndGlobalSection
	GlobalSection(NestedProjects) = preSolution
		{78FED1F0-D4E0-4882-A0A6-B65643DDC88B} = {99A74A2E-2C28-444B-83F3-460D81C45E1D}
		{6AA85C44-C429-49D9-B2A5-8A0E9928E3DD} = {99A74A2E-2C28-444B-83F3-460D81C45E1D}
		{4FFA5ADC-F2B0-427F-B99E-A58451DF1237} = {99A74A2E-2C28-444B-83F3-460D81C45E1D}
		{87FBF1D9-2A5C-4912-A86D-A73809751D2D} = {99A74A2E-2C28-444B-83F3-460D81C45E1D}
		{94EB0B8B-4EBF-4BB1-AC3B-DE35322C295C} = {78FED1F0-D4E0-4882-A0A6-B65643DDC88B}
		{CEF0B4C8-25E0-424F-8652-68CFD2A24E04} = {78FED1F0-D4E0-4882-A0A6-B65643DDC88B}
		{CFC2D3A2-A325-4C16-90C4-AEBE301AF570} = {4FFA5ADC-F2B0-427F-B99E-A58451DF1237}
		{612A137D-D844-4FC7-9D9B-C1AAFBA40052} = {4FFA5ADC-F2B0-427F-B99E-A58451DF1237}
		{43279F1F-1A01-444A-8643-F847298B97C8} = {4FFA5ADC-F2B0-427F-B99E-A58451DF1237}
		{0FEF595D-7115-44A0-B59B-7E4344742240} = {87FBF1D9-2A5C-4912-A86D-A73809751D2D}
		{4FA00597-9C69-4903-9751-F6D9978DF9F2} = {6AA85C44-C429-49D9-B2A5-8A0E9928E3DD}
	EndGlobalSection
	GlobalSection(ExtensibilityGlobals) = postSolution
		SolutionGuid = {9FD2C12B-538C-4053-A8C1-C74A067D08FE}
	EndGlobalSection
EndGlobal
